
Microsoft Visual Studio Solution File, Format Version 12.00
# Visual Studio 2013
VisualStudioVersion = 12.0.30723.0
MinimumVisualStudioVersion = 10.0.40219.1
Project("{FAE04EC0-301F-11D3-BF4B-00C04F79EFBC}") = "RealMembership", "RealMembership\RealMembership.csproj", "{78B76313-BCC4-43B5-9259-0F19D73D50FA}"
EndProject
Project("{FAE04EC0-301F-11D3-BF4B-00C04F79EFBC}") = "RealMembership.EF", "RealMembership.EF\RealMembership.EF.csproj", "{F1B85952-787F-433C-91A0-1788CDCBDD1A}"
EndProject
Project("{FAE04EC0-301F-11D3-BF4B-00C04F79EFBC}") = "RealMembership.EF.Tests", "RealMembership.EF.Tests\RealMembership.EF.Tests.csproj", "{1BFC77D1-4A5B-4D66-AC58-CD4F7F62F9B8}"
EndProject
Global
	GlobalSection(SolutionConfigurationPlatforms) = preSolution
		Debug|Any CPU = Debug|Any CPU
		Release|Any CPU = Release|Any CPU
	EndGlobalSection
	GlobalSection(ProjectConfigurationPlatforms) = postSolution
		{78B76313-BCC4-43B5-9259-0F19D73D50FA}.Debug|Any CPU.ActiveCfg = Debug|Any CPU
		{78B76313-BCC4-43B5-9259-0F19D73D50FA}.Debug|Any CPU.Build.0 = Debug|Any CPU
		{78B76313-BCC4-43B5-9259-0F19D73D50FA}.Release|Any CPU.ActiveCfg = Release|Any CPU
		{78B76313-BCC4-43B5-9259-0F19D73D50FA}.Release|Any CPU.Build.0 = Release|Any CPU
		{F1B85952-787F-433C-91A0-1788CDCBDD1A}.Debug|Any CPU.ActiveCfg = Debug|Any CPU
		{F1B85952-787F-433C-91A0-1788CDCBDD1A}.Debug|Any CPU.Build.0 = Debug|Any CPU
		{F1B85952-787F-433C-91A0-1788CDCBDD1A}.Release|Any CPU.ActiveCfg = Release|Any CPU
		{F1B85952-787F-433C-91A0-1788CDCBDD1A}.Release|Any CPU.Build.0 = Release|Any CPU
		{1BFC77D1-4A5B-4D66-AC58-CD4F7F62F9B8}.Debug|Any CPU.ActiveCfg = Debug|Any CPU
		{1BFC77D1-4A5B-4D66-AC58-CD4F7F62F9B8}.Debug|Any CPU.Build.0 = Debug|Any CPU
		{1BFC77D1-4A5B-4D66-AC58-CD4F7F62F9B8}.Release|Any CPU.ActiveCfg = Release|Any CPU
		{1BFC77D1-4A5B-4D66-AC58-CD4F7F62F9B8}.Release|Any CPU.Build.0 = Release|Any CPU
	EndGlobalSection
	GlobalSection(SolutionProperties) = preSolution
		HideSolutionNode = FALSE
	EndGlobalSection
EndGlobal
